
Microsoft Visual Studio Solution File, Format Version 12.00
# Visual Studio Version 16
VisualStudioVersion = 16.0.30907.101
MinimumVisualStudioVersion = 10.0.40219.1
Project("{FAE04EC0-301F-11D3-BF4B-00C04F79EFBC}") = "Wpf Binding", "Wpf Binding\Wpf Binding.csproj", "{C46AB68E-04FE-44A0-9B74-47B61D1D3A25}"
EndProject
Global
	GlobalSection(SolutionConfigurationPlatforms) = preSolution
		Debug|Any CPU = Debug|Any CPU
		Release|Any CPU = Release|Any CPU
	EndGlobalSection
	GlobalSection(ProjectConfigurationPlatforms) = postSolution
		{C46AB68E-04FE-44A0-9B74-47B61D1D3A25}.Debug|Any CPU.ActiveCfg = Debug|Any CPU
		{C46AB68E-04FE-44A0-9B74-47B61D1D3A25}.Debug|Any CPU.Build.0 = Debug|Any CPU
		{C46AB68E-04FE-44A0-9B74-47B61D1D3A25}.Release|Any CPU.ActiveCfg = Release|Any CPU
		{C46AB68E-04FE-44A0-9B74-47B61D1D3A25}.Release|Any CPU.Build.0 = Release|Any CPU
	EndGlobalSection
	GlobalSection(SolutionProperties) = preSolution
		HideSolutionNode = FALSE
	EndGlobalSection
	GlobalSection(ExtensibilityGlobals) = postSolution
		SolutionGuid = {B384A006-A813-4EC9-B45A-EAE15831EEEC}
	EndGlobalSection
EndGlobal
